
Microsoft Visual Studio Solution File, Format Version 12.00
# Visual Studio Version 16
VisualStudioVersion = 16.0.30803.129
MinimumVisualStudioVersion = 10.0.40219.1
Project("{FAE04EC0-301F-11D3-BF4B-00C04F79EFBC}") = "GPPG", "GPPG.csproj", "{AF1F8BCF-34FC-4A5E-9D45-BCC6031720BC}"
EndProject
Project("{FAE04EC0-301F-11D3-BF4B-00C04F79EFBC}") = "GPLEXv1", "..\Lex\GPLEXv1.csproj", "{440C9EA8-409C-4B1D-88B7-A2B5FFF87700}"
EndProject
Global
	GlobalSection(SolutionConfigurationPlatforms) = preSolution
		Debug|Any CPU = Debug|Any CPU
		Release|Any CPU = Release|Any CPU
	EndGlobalSection
	GlobalSection(ProjectConfigurationPlatforms) = postSolution
		{AF1F8BCF-34FC-4A5E-9D45-BCC6031720BC}.Debug|Any CPU.ActiveCfg = Debug|Any CPU
		{AF1F8BCF-34FC-4A5E-9D45-BCC6031720BC}.Debug|Any CPU.Build.0 = Debug|Any CPU
		{AF1F8BCF-34FC-4A5E-9D45-BCC6031720BC}.Release|Any CPU.ActiveCfg = Release|Any CPU
		{AF1F8BCF-34FC-4A5E-9D45-BCC6031720BC}.Release|Any CPU.Build.0 = Release|Any CPU
		{440C9EA8-409C-4B1D-88B7-A2B5FFF87700}.Debug|Any CPU.ActiveCfg = Debug|Any CPU
		{440C9EA8-409C-4B1D-88B7-A2B5FFF87700}.Debug|Any CPU.Build.0 = Debug|Any CPU
		{440C9EA8-409C-4B1D-88B7-A2B5FFF87700}.Release|Any CPU.ActiveCfg = Release|Any CPU
		{440C9EA8-409C-4B1D-88B7-A2B5FFF87700}.Release|Any CPU.Build.0 = Release|Any CPU
	EndGlobalSection
	GlobalSection(SolutionProperties) = preSolution
		HideSolutionNode = FALSE
	EndGlobalSection
	GlobalSection(ExtensibilityGlobals) = postSolution
		SolutionGuid = {5CA7B224-55F2-4156-8DD9-7757549D4D51}
	EndGlobalSection
EndGlobal
